
Microsoft Visual Studio Solution File, Format Version 12.00
# Visual Studio Version 17
VisualStudioVersion = 17.4.33103.184
MinimumVisualStudioVersion = 10.0.40219.1
Project("{FAE04EC0-301F-11D3-BF4B-00C04F79EFBC}") = "TemplateApi", "TemplateApi.csproj", "{4B1F17FC-B487-47C9-8F53-C3470CF29672}"
EndProject
Global
	GlobalSection(SolutionConfigurationPlatforms) = preSolution
		Debug|Any CPU = Debug|Any CPU
		Release|Any CPU = Release|Any CPU
	EndGlobalSection
	GlobalSection(ProjectConfigurationPlatforms) = postSolution
		{4B1F17FC-B487-47C9-8F53-C3470CF29672}.Debug|Any CPU.ActiveCfg = Debug|Any CPU
		{4B1F17FC-B487-47C9-8F53-C3470CF29672}.Debug|Any CPU.Build.0 = Debug|Any CPU
		{4B1F17FC-B487-47C9-8F53-C3470CF29672}.Release|Any CPU.ActiveCfg = Release|Any CPU
		{4B1F17FC-B487-47C9-8F53-C3470CF29672}.Release|Any CPU.Build.0 = Release|Any CPU
	EndGlobalSection
	GlobalSection(SolutionProperties) = preSolution
		HideSolutionNode = FALSE
	EndGlobalSection
	GlobalSection(ExtensibilityGlobals) = postSolution
		SolutionGuid = {99A44E82-4CAC-4955-BADC-D914BEB716D8}
	EndGlobalSection
EndGlobal
